
Microsoft Visual Studio Solution File, Format Version 12.00
# Visual Studio Version 17
VisualStudioVersion = 17.0.31919.166
MinimumVisualStudioVersion = 10.0.40219.1
Project("{9A19103F-16F7-4668-BE54-9A1E7A4F7556}") = "Nihongo.Api", "Nihongo\Nihongo.Api.csproj", "{B50956F3-D324-4EC3-B594-683C95B44D47}"
EndProject
Project("{9A19103F-16F7-4668-BE54-9A1E7A4F7556}") = "Nihongo.Entites", "Entites\Nihongo.Entites.csproj", "{6A312FFB-1427-4CC1-8DF2-AF6316F5DE3E}"
EndProject
Project("{2150E333-8FDC-42A3-9474-1A3956D46DE8}") = "Solution Items", "Solution Items", "{71D4ED98-1D6F-47DF-8894-94B1D6F08764}"
	ProjectSection(SolutionItems) = preProject
		README.md = README.md
	EndProjectSection
EndProject
Project("{9A19103F-16F7-4668-BE54-9A1E7A4F7556}") = "Nihongo.Application", "Nihongo.Application\Nihongo.Application.csproj", "{257E6DFC-3ED3-4CFF-B3B0-D07A1D952F34}"
EndProject
Project("{9A19103F-16F7-4668-BE54-9A1E7A4F7556}") = "Nihongo.Repository", "Nihongo.Repository\Nihongo.Repository.csproj", "{CDAC3C0F-0B92-420F-9CBA-883BD1B0AFB7}"
EndProject
Global
	GlobalSection(SolutionConfigurationPlatforms) = preSolution
		Debug|Any CPU = Debug|Any CPU
		Release|Any CPU = Release|Any CPU
	EndGlobalSection
	GlobalSection(ProjectConfigurationPlatforms) = postSolution
		{B50956F3-D324-4EC3-B594-683C95B44D47}.Debug|Any CPU.ActiveCfg = Debug|Any CPU
		{B50956F3-D324-4EC3-B594-683C95B44D47}.Debug|Any CPU.Build.0 = Debug|Any CPU
		{B50956F3-D324-4EC3-B594-683C95B44D47}.Release|Any CPU.ActiveCfg = Release|Any CPU
		{B50956F3-D324-4EC3-B594-683C95B44D47}.Release|Any CPU.Build.0 = Release|Any CPU
		{6A312FFB-1427-4CC1-8DF2-AF6316F5DE3E}.Debug|Any CPU.ActiveCfg = Debug|Any CPU
		{6A312FFB-1427-4CC1-8DF2-AF6316F5DE3E}.Debug|Any CPU.Build.0 = Debug|Any CPU
		{6A312FFB-1427-4CC1-8DF2-AF6316F5DE3E}.Release|Any CPU.ActiveCfg = Release|Any CPU
		{6A312FFB-1427-4CC1-8DF2-AF6316F5DE3E}.Release|Any CPU.Build.0 = Release|Any CPU
		{257E6DFC-3ED3-4CFF-B3B0-D07A1D952F34}.Debug|Any CPU.ActiveCfg = Debug|Any CPU
		{257E6DFC-3ED3-4CFF-B3B0-D07A1D952F34}.Debug|Any CPU.Build.0 = Debug|Any CPU
		{257E6DFC-3ED3-4CFF-B3B0-D07A1D952F34}.Release|Any CPU.ActiveCfg = Release|Any CPU
		{257E6DFC-3ED3-4CFF-B3B0-D07A1D952F34}.Release|Any CPU.Build.0 = Release|Any CPU
		{CDAC3C0F-0B92-420F-9CBA-883BD1B0AFB7}.Debug|Any CPU.ActiveCfg = Debug|Any CPU
		{CDAC3C0F-0B92-420F-9CBA-883BD1B0AFB7}.Debug|Any CPU.Build.0 = Debug|Any CPU
		{CDAC3C0F-0B92-420F-9CBA-883BD1B0AFB7}.Release|Any CPU.ActiveCfg = Release|Any CPU
		{CDAC3C0F-0B92-420F-9CBA-883BD1B0AFB7}.Release|Any CPU.Build.0 = Release|Any CPU
	EndGlobalSection
	GlobalSection(SolutionProperties) = preSolution
		HideSolutionNode = FALSE
	EndGlobalSection
	GlobalSection(ExtensibilityGlobals) = postSolution
		SolutionGuid = {4FD3000B-D31C-4990-8CC7-F1A5F81E2954}
	EndGlobalSection
EndGlobal
